# This file is automatically @generated by Cargo.
# It is not intended for manual editing.
version = 4

[[package]]
name = "dense_impl"
version = "0.1.0"
dependencies = [
 "execution",
]

[[package]]
name = "execution"
version = "0.1.0"
dependencies = [
 "execution_cpu",
 "schema",
]

[[package]]
name = "execution_cpu"
version = "0.1.0"
dependencies = [
 "schema",
]

[[package]]
name = "runtime"
version = "0.1.0"
dependencies = [
 "execution",
 "schema",
]

[[package]]
name = "schema"
version = "0.1.0"

[[package]]
name = "tensor"
version = "0.1.0"
dependencies = [
 "dense_impl",
]
